PODS:
  - Capacitor (6.1.2):
    - CapacitorCordova
  - CapacitorApp (6.0.1):
    - Capacitor
  - CapacitorAppLauncher (6.0.2):
    - Capacitor
  - CapacitorClipboard (6.0.1):
    - Capacitor
  - CapacitorCordova (6.1.2)
  - CapacitorHaptics (6.0.1):
    - Capacitor
  - CapacitorMlkitBarcodeScanning (6.2.0):
    - Capacitor
    - GoogleMLKit/BarcodeScanning (= 5.0.0)
  - CapacitorNativeSettings (6.0.1):
    - Capacitor
  - CapacitorPluginSafeArea (3.0.3):
    - Capacitor
  - CapacitorSecureStoragePlugin (0.10.0):
    - Capacitor
    - SwiftKeychainWrapper
  - CapgoCapacitorNativeBiometric (0.0.1):
    - Capacitor
  - CapgoNativeAudio (6.4.21):
    - Capacitor
  - CordovaPlugins (6.1.2):
    - CapacitorCordova
  - FloatingPanel (2.8.4)
  - GoogleDataTransport (9.4.1):
    - GoogleUtilities/Environment (~> 7.7)
    - nanopb (< 2.30911.0, >= 2.30908.0)
    - PromisesObjC (< 3.0, >= 1.2)
  - GoogleMLKit/BarcodeScanning (5.0.0):
    - GoogleMLKit/MLKitCore
    - MLKitBarcodeScanning (~> 4.0.0)
  - GoogleMLKit/MLKitCore (5.0.0):
    - MLKitCommon (~> 10.0.0)
  - GoogleToolboxForMac/DebugUtils (2.3.2):
    - GoogleToolboxForMac/Defines (= 2.3.2)
  - GoogleToolboxForMac/Defines (2.3.2)
  - GoogleToolboxForMac/Logger (2.3.2):
    - GoogleToolboxForMac/Defines (= 2.3.2)
  - "GoogleToolboxForMac/NSData+zlib (2.3.2)":
    - GoogleToolboxForMac/Defines (= 2.3.2)
  - "GoogleToolboxForMac/NSDictionary+URLArguments (2.3.2)":
    - GoogleToolboxForMac/DebugUtils (= 2.3.2)
    - GoogleToolboxForMac/Defines (= 2.3.2)
    - "GoogleToolboxForMac/NSString+URLArguments (= 2.3.2)"
  - "GoogleToolboxForMac/NSString+URLArguments (2.3.2)"
  - GoogleUtilities/Environment (7.13.3):
    - GoogleUtilities/Privacy
    - PromisesObjC (< 3.0, >= 1.2)
  - GoogleUtilities/Logger (7.13.3):
    - GoogleUtilities/Environment
    - GoogleUtilities/Privacy
  - GoogleUtilities/Privacy (7.13.3)
  - GoogleUtilities/UserDefaults (7.13.3):
    - GoogleUtilities/Logger
    - GoogleUtilities/Privacy
  - GoogleUtilitiesComponents (1.1.0):
    - GoogleUtilities/Logger
  - GTMSessionFetcher/Core (3.5.0)
  - MauricewegnerCapacitorNavigationBar (2.0.3):
    - Capacitor
  - MLImage (1.0.0-beta5)
  - MLKitBarcodeScanning (4.0.0):
    - MLKitCommon (~> 10.0)
    - MLKitVision (~> 6.0)
  - MLKitCommon (10.0.0):
    - GoogleDataTransport (~> 9.0)
    - GoogleToolboxForMac/Logger (~> 2.1)
    - "GoogleToolboxForMac/NSData+zlib (~> 2.1)"
    - "GoogleToolboxForMac/NSDictionary+URLArguments (~> 2.1)"
    - GoogleUtilities/UserDefaults (~> 7.0)
    - GoogleUtilitiesComponents (~> 1.0)
    - GTMSessionFetcher/Core (< 4.0, >= 1.1)
  - MLKitVision (6.0.0):
    - GoogleToolboxForMac/Logger (~> 2.1)
    - "GoogleToolboxForMac/NSData+zlib (~> 2.1)"
    - GTMSessionFetcher/Core (< 4.0, >= 1.1)
    - MLImage (= 1.0.0-beta5)
    - MLKitCommon (~> 10.0)
  - nanopb (2.30910.0):
    - nanopb/decode (= 2.30910.0)
    - nanopb/encode (= 2.30910.0)
  - nanopb/decode (2.30910.0)
  - nanopb/encode (2.30910.0)
  - NativeBottomSheet (0.0.2):
    - Capacitor
    - FloatingPanel
  - NativeDialog (6.0.0):
    - Capacitor
  - PromisesObjC (2.4.0)
  - SinaKhMtwCapacitorSplashScreen (6.0.2-2):
    - Capacitor
  - SinaKhMtwCapacitorStatusBar (6.0.1-2):
    - Capacitor
  - SwiftKeychainWrapper (4.0.1)

DEPENDENCIES:
  - "Capacitor (from `../../../node_modules/@capacitor/ios`)"
  - "CapacitorApp (from `../../../node_modules/@capacitor/app`)"
  - "CapacitorAppLauncher (from `../../../node_modules/@capacitor/app-launcher`)"
  - "CapacitorClipboard (from `../../../node_modules/@capacitor/clipboard`)"
  - "CapacitorCordova (from `../../../node_modules/@capacitor/ios`)"
  - "CapacitorHaptics (from `../../../node_modules/@capacitor/haptics`)"
  - "CapacitorMlkitBarcodeScanning (from `../../../node_modules/@capacitor-mlkit/barcode-scanning`)"
  - CapacitorNativeSettings (from `../../../node_modules/capacitor-native-settings`)
  - CapacitorPluginSafeArea (from `../../../node_modules/capacitor-plugin-safe-area`)
  - CapacitorSecureStoragePlugin (from `../../../node_modules/capacitor-secure-storage-plugin`)
  - "CapgoCapacitorNativeBiometric (from `../../../node_modules/@capgo/capacitor-native-biometric`)"
  - "CapgoNativeAudio (from `../../../node_modules/@capgo/native-audio`)"
  - CordovaPlugins (from `../capacitor-cordova-ios-plugins`)
  - FloatingPanel (from `https://github.com/mytonwalletorg/FloatingPanel`, commit `124f09299ee26544cad45f95f2e3cb085b76f11a`)
  - "MauricewegnerCapacitorNavigationBar (from `../../../node_modules/@mauricewegner/capacitor-navigation-bar`)"
  - NativeBottomSheet (from `../../plugins/native-bottom-sheet`)
  - NativeDialog (from `../../plugins/native-dialog`)
  - "SinaKhMtwCapacitorSplashScreen (from `../../../node_modules/@sina_kh/mtw-capacitor-splash-screen`)"
  - "SinaKhMtwCapacitorStatusBar (from `../../../node_modules/@sina_kh/mtw-capacitor-status-bar`)"

SPEC REPOS:
  trunk:
    - GoogleDataTransport
    - GoogleMLKit
    - GoogleToolboxForMac
    - GoogleUtilities
    - GoogleUtilitiesComponents
    - GTMSessionFetcher
    - MLImage
    - MLKitBarcodeScanning
    - MLKitCommon
    - MLKitVision
    - nanopb
    - PromisesObjC
    - SwiftKeychainWrapper

EXTERNAL SOURCES:
  Capacitor:
    :path: "../../../node_modules/@capacitor/ios"
  CapacitorApp:
    :path: "../../../node_modules/@capacitor/app"
  CapacitorAppLauncher:
    :path: "../../../node_modules/@capacitor/app-launcher"
  CapacitorClipboard:
    :path: "../../../node_modules/@capacitor/clipboard"
  CapacitorCordova:
    :path: "../../../node_modules/@capacitor/ios"
  CapacitorHaptics:
    :path: "../../../node_modules/@capacitor/haptics"
  CapacitorMlkitBarcodeScanning:
    :path: "../../../node_modules/@capacitor-mlkit/barcode-scanning"
  CapacitorNativeSettings:
    :path: "../../../node_modules/capacitor-native-settings"
  CapacitorPluginSafeArea:
    :path: "../../../node_modules/capacitor-plugin-safe-area"
  CapacitorSecureStoragePlugin:
    :path: "../../../node_modules/capacitor-secure-storage-plugin"
  CapgoCapacitorNativeBiometric:
    :path: "../../../node_modules/@capgo/capacitor-native-biometric"
  CapgoNativeAudio:
    :path: "../../../node_modules/@capgo/native-audio"
  CordovaPlugins:
    :path: "../capacitor-cordova-ios-plugins"
  FloatingPanel:
    :commit: 124f09299ee26544cad45f95f2e3cb085b76f11a
    :git: https://github.com/mytonwalletorg/FloatingPanel
  MauricewegnerCapacitorNavigationBar:
    :path: "../../../node_modules/@mauricewegner/capacitor-navigation-bar"
  NativeBottomSheet:
    :path: "../../plugins/native-bottom-sheet"
  NativeDialog:
    :path: "../../plugins/native-dialog"
  SinaKhMtwCapacitorSplashScreen:
    :path: "../../../node_modules/@sina_kh/mtw-capacitor-splash-screen"
  SinaKhMtwCapacitorStatusBar:
    :path: "../../../node_modules/@sina_kh/mtw-capacitor-status-bar"

CHECKOUT OPTIONS:
  FloatingPanel:
    :commit: 124f09299ee26544cad45f95f2e3cb085b76f11a
    :git: https://github.com/mytonwalletorg/FloatingPanel

SPEC CHECKSUMS:
  Capacitor: 679f9673fdf30597493a6362a5d5bf233d46abc2
  CapacitorApp: 0bc633b4eae40a1f32cd2834788fad3bc42da6a1
  CapacitorAppLauncher: 9ac785e8d3936388249212b6e16cb32225960c5f
  CapacitorClipboard: 756cd7e83e8d5d19b0c74f40b57517c287bd5fe2
  CapacitorCordova: f48c89f96c319101cd2f0ce8a2b7449b5fb8b3dd
  CapacitorHaptics: fe689ade56ef20ec9b041a753c6da70c5d8ec9a9
  CapacitorMlkitBarcodeScanning: 178fb57424ec688b6a2fceee506ecc1ea00d1c8d
  CapacitorNativeSettings: 1ce5585ff07b161616cd0a795702637316677af2
  CapacitorPluginSafeArea: e1eca7f70974f0e270d96f70cd0a5f51523164b1
  CapacitorSecureStoragePlugin: ced6025438fbbdbfb9fffec4398e748572fc147b
  CapgoCapacitorNativeBiometric: 44b0bb31118f6ed5171087a77a856a80a0cfa250
  CapgoNativeAudio: f3cb18f75acfaec7c429e1ff9dc06e05c6605627
  CordovaPlugins: b26881c27739f4c46bac6baf422f660500cd5561
  FloatingPanel: e00e106bf97b04d0de00bb360dc626459b0735ef
  GoogleDataTransport: 6c09b596d841063d76d4288cc2d2f42cc36e1e2a
  GoogleMLKit: 90ba06e028795a50261f29500d238d6061538711
  GoogleToolboxForMac: 8bef7c7c5cf7291c687cf5354f39f9db6399ad34
  GoogleUtilities: ea963c370a38a8069cc5f7ba4ca849a60b6d7d15
  GoogleUtilitiesComponents: 679b2c881db3b615a2777504623df6122dd20afe
  GTMSessionFetcher: 5aea5ba6bd522a239e236100971f10cb71b96ab6
  MauricewegnerCapacitorNavigationBar: 37f1308a961a8d8cd00f6362e30bad03a73728f7
  MLImage: 1824212150da33ef225fbd3dc49f184cf611046c
  MLKitBarcodeScanning: 9cb0ec5ec65bbb5db31de4eba0a3289626beab4e
  MLKitCommon: afcd11b6c0735066a0dde8b4bf2331f6197cbca2
  MLKitVision: 90922bca854014a856f8b649d1f1f04f63fd9c79
  nanopb: 438bc412db1928dac798aa6fd75726007be04262
  NativeBottomSheet: 81b2b53d470537e42858d0d6485af318c51c3a5f
  NativeDialog: f347d7f1a10adac33a1cb1a02be03911cf2fe067
  PromisesObjC: f5707f49cb48b9636751c5b2e7d227e43fba9f47
  SinaKhMtwCapacitorSplashScreen: 94136e24daea4d0b0c5c2c2c1f7b0fa28cc00aa0
  SinaKhMtwCapacitorStatusBar: e3fa73038e8dbac071751e1942eab65fc6c39a5f
  SwiftKeychainWrapper: 807ba1d63c33a7d0613288512399cd1eda1e470c

PODFILE CHECKSUM: 783aef605ceeac40dc316144a44e591e6373c25a

COCOAPODS: 1.15.2
