PODS:
  - Capacitor (5.7.2):
    - CapacitorCordova
  - CapacitorActionSheet (5.0.7):
    - Capacitor
  - CapacitorApp (5.0.7):
    - Capacitor
  - CapacitorAppLauncher (5.0.7):
    - Capacitor
  - CapacitorClipboard (5.0.7):
    - Capacitor
  - CapacitorCordova (5.7.2)
  - CapacitorDialog (5.0.7):
    - Capacitor
  - CapacitorHaptics (5.0.7):
    - Capacitor
  - CapacitorMlkitBarcodeScanning (5.4.0):
    - Capacitor
    - GoogleMLKit/BarcodeScanning (= 4.0.0)
  - CapacitorPluginSafeArea (2.0.6):
    - Capacitor
  - CapacitorSecureStoragePlugin (0.9.0):
    - Capacitor
    - SwiftKeychainWrapper
  - CapacitorSplashScreen (5.0.6.1):
    - Capacitor
  - CapacitorStatusBar (5.0.7):
    - Capacitor
  - CapgoCapacitorNativeBiometric (0.0.1):
    - Capacitor
  - CapgoNativeAudio (6.2.7):
    - Capacitor
  - CordovaPlugins (5.6.0):
    - CapacitorCordova
  - FloatingPanel (2.8.0)
  - GoogleDataTransport (9.2.5):
    - GoogleUtilities/Environment (~> 7.7)
    - nanopb (< 2.30910.0, >= 2.30908.0)
    - PromisesObjC (< 3.0, >= 1.2)
  - GoogleMLKit/BarcodeScanning (4.0.0):
    - GoogleMLKit/MLKitCore
    - MLKitBarcodeScanning (~> 3.0.0)
  - GoogleMLKit/MLKitCore (4.0.0):
    - MLKitCommon (~> 9.0.0)
  - GoogleToolboxForMac/DebugUtils (2.3.2):
    - GoogleToolboxForMac/Defines (= 2.3.2)
  - GoogleToolboxForMac/Defines (2.3.2)
  - GoogleToolboxForMac/Logger (2.3.2):
    - GoogleToolboxForMac/Defines (= 2.3.2)
  - "GoogleToolboxForMac/NSData+zlib (2.3.2)":
    - GoogleToolboxForMac/Defines (= 2.3.2)
  - "GoogleToolboxForMac/NSDictionary+URLArguments (2.3.2)":
    - GoogleToolboxForMac/DebugUtils (= 2.3.2)
    - GoogleToolboxForMac/Defines (= 2.3.2)
    - "GoogleToolboxForMac/NSString+URLArguments (= 2.3.2)"
  - "GoogleToolboxForMac/NSString+URLArguments (2.3.2)"
  - GoogleUtilities/Environment (7.11.5):
    - PromisesObjC (< 3.0, >= 1.2)
  - GoogleUtilities/Logger (7.11.5):
    - GoogleUtilities/Environment
  - GoogleUtilities/UserDefaults (7.11.5):
    - GoogleUtilities/Logger
  - GoogleUtilitiesComponents (1.1.0):
    - GoogleUtilities/Logger
  - GTMSessionFetcher/Core (2.3.0)
  - MauricewegnerCapacitorNavigationBar (2.0.3):
    - Capacitor
  - MLImage (1.0.0-beta4)
  - MLKitBarcodeScanning (3.0.0):
    - MLKitCommon (~> 9.0)
    - MLKitVision (~> 5.0)
  - MLKitCommon (9.0.0):
    - GoogleDataTransport (~> 9.0)
    - GoogleToolboxForMac/Logger (~> 2.1)
    - "GoogleToolboxForMac/NSData+zlib (~> 2.1)"
    - "GoogleToolboxForMac/NSDictionary+URLArguments (~> 2.1)"
    - GoogleUtilities/UserDefaults (~> 7.0)
    - GoogleUtilitiesComponents (~> 1.0)
    - GTMSessionFetcher/Core (< 3.0, >= 1.1)
  - MLKitVision (5.0.0):
    - GoogleToolboxForMac/Logger (~> 2.1)
    - "GoogleToolboxForMac/NSData+zlib (~> 2.1)"
    - GTMSessionFetcher/Core (< 3.0, >= 1.1)
    - MLImage (= 1.0.0-beta4)
    - MLKitCommon (~> 9.0)
  - nanopb (2.30909.0):
    - nanopb/decode (= 2.30909.0)
    - nanopb/encode (= 2.30909.0)
  - nanopb/decode (2.30909.0)
  - nanopb/encode (2.30909.0)
  - NativeBottomSheet (0.0.1):
    - Capacitor
    - FloatingPanel
  - PromisesObjC (2.3.1)
  - SwiftKeychainWrapper (4.0.1)

DEPENDENCIES:
  - "Capacitor (from `../../../node_modules/@capacitor/ios`)"
  - "CapacitorActionSheet (from `../../../node_modules/@capacitor/action-sheet`)"
  - "CapacitorApp (from `../../../node_modules/@capacitor/app`)"
  - "CapacitorAppLauncher (from `../../../node_modules/@capacitor/app-launcher`)"
  - "CapacitorClipboard (from `../../../node_modules/@capacitor/clipboard`)"
  - "CapacitorCordova (from `../../../node_modules/@capacitor/ios`)"
  - "CapacitorDialog (from `../../../node_modules/@capacitor/dialog`)"
  - "CapacitorHaptics (from `../../../node_modules/@capacitor/haptics`)"
  - "CapacitorMlkitBarcodeScanning (from `../../../node_modules/@capacitor-mlkit/barcode-scanning`)"
  - CapacitorPluginSafeArea (from `../../../node_modules/capacitor-plugin-safe-area`)
  - CapacitorSecureStoragePlugin (from `../../../node_modules/capacitor-secure-storage-plugin`)
  - CapacitorSplashScreen (from `../../plugins/capacitor-splash-screen`)
  - "CapacitorStatusBar (from `../../../node_modules/@capacitor/status-bar`)"
  - "CapgoCapacitorNativeBiometric (from `../../../node_modules/@capgo/capacitor-native-biometric`)"
  - "CapgoNativeAudio (from `../../../node_modules/@capgo/native-audio`)"
  - CordovaPlugins (from `../capacitor-cordova-ios-plugins`)
  - "MauricewegnerCapacitorNavigationBar (from `../../../node_modules/@mauricewegner/capacitor-navigation-bar`)"
  - NativeBottomSheet (from `../../plugins/native-bottom-sheet`)

SPEC REPOS:
  trunk:
    - FloatingPanel
    - GoogleDataTransport
    - GoogleMLKit
    - GoogleToolboxForMac
    - GoogleUtilities
    - GoogleUtilitiesComponents
    - GTMSessionFetcher
    - MLImage
    - MLKitBarcodeScanning
    - MLKitCommon
    - MLKitVision
    - nanopb
    - PromisesObjC
    - SwiftKeychainWrapper

EXTERNAL SOURCES:
  Capacitor:
    :path: "../../../node_modules/@capacitor/ios"
  CapacitorActionSheet:
    :path: "../../../node_modules/@capacitor/action-sheet"
  CapacitorApp:
    :path: "../../../node_modules/@capacitor/app"
  CapacitorAppLauncher:
    :path: "../../../node_modules/@capacitor/app-launcher"
  CapacitorClipboard:
    :path: "../../../node_modules/@capacitor/clipboard"
  CapacitorCordova:
    :path: "../../../node_modules/@capacitor/ios"
  CapacitorDialog:
    :path: "../../../node_modules/@capacitor/dialog"
  CapacitorHaptics:
    :path: "../../../node_modules/@capacitor/haptics"
  CapacitorMlkitBarcodeScanning:
    :path: "../../../node_modules/@capacitor-mlkit/barcode-scanning"
  CapacitorPluginSafeArea:
    :path: "../../../node_modules/capacitor-plugin-safe-area"
  CapacitorSecureStoragePlugin:
    :path: "../../../node_modules/capacitor-secure-storage-plugin"
  CapacitorSplashScreen:
    :path: "../../plugins/capacitor-splash-screen"
  CapacitorStatusBar:
    :path: "../../../node_modules/@capacitor/status-bar"
  CapgoCapacitorNativeBiometric:
    :path: "../../../node_modules/@capgo/capacitor-native-biometric"
  CapgoNativeAudio:
    :path: "../../../node_modules/@capgo/native-audio"
  CordovaPlugins:
    :path: "../capacitor-cordova-ios-plugins"
  MauricewegnerCapacitorNavigationBar:
    :path: "../../../node_modules/@mauricewegner/capacitor-navigation-bar"
  NativeBottomSheet:
    :path: "../../plugins/native-bottom-sheet"

SPEC CHECKSUMS:
  Capacitor: fc7ef6d935eafb0df9eaaf109ca69be16c51a2d2
  CapacitorActionSheet: 8096e5cb8a3dfa89b03a40a62ea4836111263cb4
  CapacitorApp: 17fecd0e6cb23feafac7eb0939417389038b0979
  CapacitorAppLauncher: 7b2705481a74cbe322441bd374f56194de59ab1a
  CapacitorClipboard: 45e5e25f2271f98712985d422776cdc5a779cca1
  CapacitorCordova: 70b13b8fddb6f35d8adcfe06cb5045c07f35f6de
  CapacitorDialog: ea1beaccb7f825191aa18b72cba8981b881b3b2d
  CapacitorHaptics: 7c7c206f0c96a628fed073830c96d28c4b2e772e
  CapacitorMlkitBarcodeScanning: 8fb81cbef3c6ffe0c0e2dbd15ed6dca889a5a062
  CapacitorPluginSafeArea: d55e4d4e70c98f611240f11dd80561438d0d70cb
  CapacitorSecureStoragePlugin: e91d7df060f2495a1acff9583641a6953e3aacba
  CapacitorSplashScreen: 6fce4269c6f7dc7591cc28760d1f85255e5edb1b
  CapacitorStatusBar: f390fbb49b82ffb754ea4b3cf71dc8b048baf3e7
  CapgoCapacitorNativeBiometric: 44b0bb31118f6ed5171087a77a856a80a0cfa250
  CapgoNativeAudio: 9c9d2ee1683c5e7091d59c3aa7ff5c30c66b9598
  CordovaPlugins: 149708b4353176a65688a5aed237f7c3054e7702
  FloatingPanel: f585be005983e66f8f4932f93ca46bf9f09dae3a
  GoogleDataTransport: 54dee9d48d14580407f8f5fbf2f496e92437a2f2
  GoogleMLKit: 2bd0dc6253c4d4f227aad460f69215a504b2980e
  GoogleToolboxForMac: 8bef7c7c5cf7291c687cf5354f39f9db6399ad34
  GoogleUtilities: 13e2c67ede716b8741c7989e26893d151b2b2084
  GoogleUtilitiesComponents: 679b2c881db3b615a2777504623df6122dd20afe
  GTMSessionFetcher: 3a63d75eecd6aa32c2fc79f578064e1214dfdec2
  MauricewegnerCapacitorNavigationBar: 37f1308a961a8d8cd00f6362e30bad03a73728f7
  MLImage: 7bb7c4264164ade9bf64f679b40fb29c8f33ee9b
  MLKitBarcodeScanning: 04e264482c5f3810cb89ebc134ef6b61e67db505
  MLKitCommon: c1b791c3e667091918d91bda4bba69a91011e390
  MLKitVision: 8baa5f46ee3352614169b85250574fde38c36f49
  nanopb: b552cce312b6c8484180ef47159bc0f65a1f0431
  NativeBottomSheet: edfc1f70d3517ea92e70392db8c2de5ea3e6f15e
  PromisesObjC: c50d2056b5253dadbd6c2bea79b0674bd5a52fa4
  SwiftKeychainWrapper: 807ba1d63c33a7d0613288512399cd1eda1e470c

PODFILE CHECKSUM: d79d062cb6b0a6bab2e56fcd74e516fdc51f8641

COCOAPODS: 1.15.2
