PODS:
  - Capacitor (7.2.0):
    - CapacitorCordova
  - CapacitorApp (7.0.1):
    - Capacitor
  - CapacitorAppLauncher (7.0.1):
    - Capacitor
  - CapacitorClipboard (7.0.1):
    - Capacitor
  - CapacitorCommunityBluetoothLe (7.0.0):
    - Capacitor
  - CapacitorCordova (7.2.0)
  - CapacitorDialog (7.0.0):
    - Capacitor
  - CapacitorFilesystem (7.0.1):
    - Capacitor
  - CapacitorHaptics (7.0.1):
    - Capacitor
  - CapacitorKeyboard (7.0.1):
    - Capacitor
  - CapacitorMlkitBarcodeScanning (7.2.1):
    - Capacitor
    - GoogleMLKit/BarcodeScanning (= 7.0.0)
  - CapacitorNativeSettings (7.0.1):
    - Capacitor
  - CapacitorPluginSafeArea (4.0.0):
    - Capacitor
  - CapacitorPushNotifications (7.0.1):
    - Capacitor
  - CapacitorSecureStoragePlugin (0.11.0):
    - Capacitor
    - SwiftKeychainWrapper
  - CapacitorShare (7.0.1):
    - Capacitor
  - CapacitorSplashScreen (7.0.0):
    - Capacitor
  - CapacitorStatusBar (7.0.0):
    - Capacitor
  - CapgoCapacitorNativeBiometric (0.0.1):
    - Capacitor
  - CapgoNativeAudio (7.1.2):
    - Capacitor
  - CordovaPlugins (7.2.0):
    - CapacitorCordova
  - FirebaseCore (11.9.0):
    - FirebaseCoreInternal (~> 11.9.0)
    - GoogleUtilities/Environment (~> 8.0)
    - GoogleUtilities/Logger (~> 8.0)
  - FirebaseCoreInternal (11.9.0):
    - "GoogleUtilities/NSData+zlib (~> 8.0)"
  - FirebaseInstallations (11.9.0):
    - FirebaseCore (~> 11.9.0)
    - GoogleUtilities/Environment (~> 8.0)
    - GoogleUtilities/UserDefaults (~> 8.0)
    - PromisesObjC (~> 2.4)
  - FirebaseMessaging (11.9.0):
    - FirebaseCore (~> 11.9.0)
    - FirebaseInstallations (~> 11.0)
    - GoogleDataTransport (~> 10.0)
    - GoogleUtilities/AppDelegateSwizzler (~> 8.0)
    - GoogleUtilities/Environment (~> 8.0)
    - GoogleUtilities/Reachability (~> 8.0)
    - GoogleUtilities/UserDefaults (~> 8.0)
    - nanopb (~> 3.30910.0)
  - FloatingPanel (2.8.8)
  - GoogleDataTransport (10.1.0):
    - nanopb (~> 3.30910.0)
    - PromisesObjC (~> 2.4)
  - GoogleMLKit/BarcodeScanning (7.0.0):
    - GoogleMLKit/MLKitCore
    - MLKitBarcodeScanning (~> 6.0.0)
  - GoogleMLKit/MLKitCore (7.0.0):
    - MLKitCommon (~> 12.0.0)
  - GoogleToolboxForMac/Defines (4.2.1)
  - GoogleToolboxForMac/Logger (4.2.1):
    - GoogleToolboxForMac/Defines (= 4.2.1)
  - "GoogleToolboxForMac/NSData+zlib (4.2.1)":
    - GoogleToolboxForMac/Defines (= 4.2.1)
  - GoogleUtilities/AppDelegateSwizzler (8.0.2):
    - GoogleUtilities/Environment
    - GoogleUtilities/Logger
    - GoogleUtilities/Network
    - GoogleUtilities/Privacy
  - GoogleUtilities/Environment (8.0.2):
    - GoogleUtilities/Privacy
  - GoogleUtilities/Logger (8.0.2):
    - GoogleUtilities/Environment
    - GoogleUtilities/Privacy
  - GoogleUtilities/Network (8.0.2):
    - GoogleUtilities/Logger
    - "GoogleUtilities/NSData+zlib"
    - GoogleUtilities/Privacy
    - GoogleUtilities/Reachability
  - "GoogleUtilities/NSData+zlib (8.0.2)":
    - GoogleUtilities/Privacy
  - GoogleUtilities/Privacy (8.0.2)
  - GoogleUtilities/Reachability (8.0.2):
    - GoogleUtilities/Logger
    - GoogleUtilities/Privacy
  - GoogleUtilities/UserDefaults (8.0.2):
    - GoogleUtilities/Logger
    - GoogleUtilities/Privacy
  - GTMSessionFetcher/Core (3.5.0)
  - MauricewegnerCapacitorNavigationBar (7.0.0):
    - Capacitor
  - MLImage (1.0.0-beta6)
  - MLKitBarcodeScanning (6.0.0):
    - MLKitCommon (~> 12.0)
    - MLKitVision (~> 8.0)
  - MLKitCommon (12.0.0):
    - GoogleDataTransport (~> 10.0)
    - GoogleToolboxForMac/Logger (< 5.0, >= 4.2.1)
    - "GoogleToolboxForMac/NSData+zlib (< 5.0, >= 4.2.1)"
    - GoogleUtilities/Logger (~> 8.0)
    - GoogleUtilities/UserDefaults (~> 8.0)
    - GTMSessionFetcher/Core (< 4.0, >= 3.3.2)
  - MLKitVision (8.0.0):
    - GoogleToolboxForMac/Logger (< 5.0, >= 4.2.1)
    - "GoogleToolboxForMac/NSData+zlib (< 5.0, >= 4.2.1)"
    - GTMSessionFetcher/Core (< 4.0, >= 3.3.2)
    - MLImage (= 1.0.0-beta6)
    - MLKitCommon (~> 12.0)
  - MytonwalletCapacitorUsbHid (0.0.1):
    - Capacitor
  - MytonwalletNativeBottomSheet (0.0.2):
    - Capacitor
    - FloatingPanel
  - nanopb (3.30910.0):
    - nanopb/decode (= 3.30910.0)
    - nanopb/encode (= 3.30910.0)
  - nanopb/decode (3.30910.0)
  - nanopb/encode (3.30910.0)
  - PromisesObjC (2.4.0)
  - SwiftKeychainWrapper (4.0.1)

DEPENDENCIES:
  - "Capacitor (from `../../../node_modules/@capacitor/ios`)"
  - "CapacitorApp (from `../../../node_modules/@capacitor/app`)"
  - "CapacitorAppLauncher (from `../../../node_modules/@capacitor/app-launcher`)"
  - "CapacitorClipboard (from `../../../node_modules/@capacitor/clipboard`)"
  - "CapacitorCommunityBluetoothLe (from `../../../node_modules/@capacitor-community/bluetooth-le`)"
  - "CapacitorCordova (from `../../../node_modules/@capacitor/ios`)"
  - CapacitorDialog (from `../../plugins/native-dialog`)
  - "CapacitorFilesystem (from `../../../node_modules/@capacitor/filesystem`)"
  - "CapacitorHaptics (from `../../../node_modules/@capacitor/haptics`)"
  - "CapacitorKeyboard (from `../../../node_modules/@capacitor/keyboard`)"
  - "CapacitorMlkitBarcodeScanning (from `../../../node_modules/@capacitor-mlkit/barcode-scanning`)"
  - CapacitorNativeSettings (from `../../../node_modules/capacitor-native-settings`)
  - CapacitorPluginSafeArea (from `../../../node_modules/capacitor-plugin-safe-area`)
  - "CapacitorPushNotifications (from `../../../node_modules/@capacitor/push-notifications`)"
  - CapacitorSecureStoragePlugin (from `../../../node_modules/capacitor-secure-storage-plugin`)
  - "CapacitorShare (from `../../../node_modules/@capacitor/share`)"
  - "CapacitorSplashScreen (from `../../../node_modules/@capacitor/splash-screen`)"
  - "CapacitorStatusBar (from `../../../node_modules/@capacitor/status-bar`)"
  - "CapgoCapacitorNativeBiometric (from `../../../node_modules/@capgo/capacitor-native-biometric`)"
  - "CapgoNativeAudio (from `../../../node_modules/@capgo/native-audio`)"
  - CordovaPlugins (from `../capacitor-cordova-ios-plugins`)
  - FirebaseMessaging
  - FloatingPanel (from `https://github.com/mytonwalletorg/FloatingPanel`, commit `477fd70521abbb12eb7f069f0220660c172dc936`)
  - "MauricewegnerCapacitorNavigationBar (from `../../../node_modules/@mauricewegner/capacitor-navigation-bar`)"
  - "MytonwalletCapacitorUsbHid (from `../../../node_modules/@mytonwallet/capacitor-usb-hid`)"
  - MytonwalletNativeBottomSheet (from `../../plugins/native-bottom-sheet`)

SPEC REPOS:
  trunk:
    - FirebaseCore
    - FirebaseCoreInternal
    - FirebaseInstallations
    - FirebaseMessaging
    - GoogleDataTransport
    - GoogleMLKit
    - GoogleToolboxForMac
    - GoogleUtilities
    - GTMSessionFetcher
    - MLImage
    - MLKitBarcodeScanning
    - MLKitCommon
    - MLKitVision
    - nanopb
    - PromisesObjC
    - SwiftKeychainWrapper

EXTERNAL SOURCES:
  Capacitor:
    :path: "../../../node_modules/@capacitor/ios"
  CapacitorApp:
    :path: "../../../node_modules/@capacitor/app"
  CapacitorAppLauncher:
    :path: "../../../node_modules/@capacitor/app-launcher"
  CapacitorClipboard:
    :path: "../../../node_modules/@capacitor/clipboard"
  CapacitorCommunityBluetoothLe:
    :path: "../../../node_modules/@capacitor-community/bluetooth-le"
  CapacitorCordova:
    :path: "../../../node_modules/@capacitor/ios"
  CapacitorDialog:
    :path: "../../plugins/native-dialog"
  CapacitorFilesystem:
    :path: "../../../node_modules/@capacitor/filesystem"
  CapacitorHaptics:
    :path: "../../../node_modules/@capacitor/haptics"
  CapacitorKeyboard:
    :path: "../../../node_modules/@capacitor/keyboard"
  CapacitorMlkitBarcodeScanning:
    :path: "../../../node_modules/@capacitor-mlkit/barcode-scanning"
  CapacitorNativeSettings:
    :path: "../../../node_modules/capacitor-native-settings"
  CapacitorPluginSafeArea:
    :path: "../../../node_modules/capacitor-plugin-safe-area"
  CapacitorPushNotifications:
    :path: "../../../node_modules/@capacitor/push-notifications"
  CapacitorSecureStoragePlugin:
    :path: "../../../node_modules/capacitor-secure-storage-plugin"
  CapacitorShare:
    :path: "../../../node_modules/@capacitor/share"
  CapacitorSplashScreen:
    :path: "../../../node_modules/@capacitor/splash-screen"
  CapacitorStatusBar:
    :path: "../../../node_modules/@capacitor/status-bar"
  CapgoCapacitorNativeBiometric:
    :path: "../../../node_modules/@capgo/capacitor-native-biometric"
  CapgoNativeAudio:
    :path: "../../../node_modules/@capgo/native-audio"
  CordovaPlugins:
    :path: "../capacitor-cordova-ios-plugins"
  FloatingPanel:
    :commit: 477fd70521abbb12eb7f069f0220660c172dc936
    :git: https://github.com/mytonwalletorg/FloatingPanel
  MauricewegnerCapacitorNavigationBar:
    :path: "../../../node_modules/@mauricewegner/capacitor-navigation-bar"
  MytonwalletCapacitorUsbHid:
    :path: "../../../node_modules/@mytonwallet/capacitor-usb-hid"
  MytonwalletNativeBottomSheet:
    :path: "../../plugins/native-bottom-sheet"

CHECKOUT OPTIONS:
  FloatingPanel:
    :commit: 477fd70521abbb12eb7f069f0220660c172dc936
    :git: https://github.com/mytonwalletorg/FloatingPanel

SPEC CHECKSUMS:
  Capacitor: 03bc7cbdde6a629a8b910a9d7d78c3cc7ed09ea7
  CapacitorApp: febecbb9582cb353aed037e18ec765141f880fe9
  CapacitorAppLauncher: bab4ca931a308252d2bafcb78ca6a364bd1d4c4e
  CapacitorClipboard: 70bfdb42b877b320a6e511ab94fa7a6a55d57ecb
  CapacitorCommunityBluetoothLe: f911fcbecc25033bca1cfcc5782c46c11ebf62ec
  CapacitorCordova: 5967b9ba03915ef1d585469d6e31f31dc49be96f
  CapacitorDialog: 128228f7256464205eba2479629f2c00743f39a5
  CapacitorFilesystem: e6261c410436f54908c11f94336c5b58286b1db0
  CapacitorHaptics: 1f1e17041f435d8ead9ff2a34edd592c6aa6a8d6
  CapacitorKeyboard: 09fd91dcde4f8a37313e7f11bde553ad1ed52036
  CapacitorMlkitBarcodeScanning: 147c172f6e423618b156e050f715cfb963680ef4
  CapacitorNativeSettings: bef37b3c7e2184da7416a3f162c71de19fd27593
  CapacitorPluginSafeArea: 22031c3436269ca80fac90ec2c94bc7c1e59a81d
  CapacitorPushNotifications: 6a2794788c583dd89215f1805ca4bced1b13dbdf
  CapacitorSecureStoragePlugin: 450d402026ee3bcc018fa206504d9c0572fee78d
  CapacitorShare: e573823f511f260f598d0423c33b1e3d7bbe5fd1
  CapacitorSplashScreen: 7e7a0a1113833032f196b3af6fa437baccacf5bc
  CapacitorStatusBar: a8c4c83ed2e973bdafb979e80e4b00d027832cb7
  CapgoCapacitorNativeBiometric: be4ceeff38739d9c0f59b8c41456a3b01cfeddf0
  CapgoNativeAudio: e4560ab0b858c4c1eaec42017c35ed8692b2c26d
  CordovaPlugins: 09eaf3779c4d1fa6331773fcd29e29dcd8a7afd6
  FirebaseCore: 7cfcf7e8b33985c06478fd2b96e2f7101eb61a1c
  FirebaseCoreInternal: 154779013b85b4b290fdba38414df475f42e3096
  FirebaseInstallations: c76d4931a485fc0cc2dc1d62d3ed0369846ea4b8
  FirebaseMessaging: 07e196b68580e68104df5c1c1b09ac26d04b24ea
  FloatingPanel: c1973def78278d14bce0deb998f450494685ca5b
  GoogleDataTransport: aae35b7ea0c09004c3797d53c8c41f66f219d6a7
  GoogleMLKit: eff9e23ec1d90ea4157a1ee2e32a4f610c5b3318
  GoogleToolboxForMac: d1a2cbf009c453f4d6ded37c105e2f67a32206d8
  GoogleUtilities: 26a3abef001b6533cf678d3eb38fd3f614b7872d
  GTMSessionFetcher: 5aea5ba6bd522a239e236100971f10cb71b96ab6
  MauricewegnerCapacitorNavigationBar: a7d0592621ac98fc992ff7c9301d671d1ba206f7
  MLImage: 0ad1c5f50edd027672d8b26b0fee78a8b4a0fc56
  MLKitBarcodeScanning: 0a3064da0a7f49ac24ceb3cb46a5bc67496facd2
  MLKitCommon: 07c2c33ae5640e5380beaaa6e4b9c249a205542d
  MLKitVision: 45e79d68845a2de77e2dd4d7f07947f0ed157b0e
  MytonwalletCapacitorUsbHid: d37d8e638a45d54b9c08c90be9478cdad33603ef
  MytonwalletNativeBottomSheet: 72009d621d5f73e950499f1d5efafa12636396de
  nanopb: fad817b59e0457d11a5dfbde799381cd727c1275
  PromisesObjC: f5707f49cb48b9636751c5b2e7d227e43fba9f47
  SwiftKeychainWrapper: 807ba1d63c33a7d0613288512399cd1eda1e470c

PODFILE CHECKSUM: 7b67cd7764bd3900dc8d22bbee374d113645c998

COCOAPODS: 1.16.2
